
Microsoft Visual Studio Solution File, Format Version 10.00
# Visual Studio 2008
Project("{FAE04EC0-301F-11D3-BF4B-00C04F79EFBC}") = "CommonCensus", "CommonCensus.csproj", "{2FC2EDD6-2B2A-4F9D-B04A-4BD8EA4924C1}"
EndProject
Project("{2150E333-8FDC-42A3-9474-1A3956D46DE8}") = "Dependencies", "Dependencies", "{76A7D7BE-2319-4152-8584-04B922B70C89}"
EndProject
Project("{FAE04EC0-301F-11D3-BF4B-00C04F79EFBC}") = "emergetk", "emergeTk\server\emergetk.csproj", "{52E41D18-8F12-430D-B5B5-43C7BBA18F61}"
EndProject
Project("{FAE04EC0-301F-11D3-BF4B-00C04F79EFBC}") = "WebServiceProvider", "emergeTk\addins\WebServiceProvider\WebServiceProvider.csproj", "{2648AC85-2BB4-4DA0-AF7E-F43FA0D756DA}"
EndProject
Global
	GlobalSection(SolutionConfigurationPlatforms) = preSolution
		Debug|Any CPU = Debug|Any CPU
		Release|Any CPU = Release|Any CPU
	EndGlobalSection
	GlobalSection(ProjectConfigurationPlatforms) = postSolution
		{2648AC85-2BB4-4DA0-AF7E-F43FA0D756DA}.Debug|Any CPU.ActiveCfg = Debug|Any CPU
		{2648AC85-2BB4-4DA0-AF7E-F43FA0D756DA}.Debug|Any CPU.Build.0 = Debug|Any CPU
		{2648AC85-2BB4-4DA0-AF7E-F43FA0D756DA}.Release|Any CPU.ActiveCfg = Release|Any CPU
		{2648AC85-2BB4-4DA0-AF7E-F43FA0D756DA}.Release|Any CPU.Build.0 = Release|Any CPU
		{2FC2EDD6-2B2A-4F9D-B04A-4BD8EA4924C1}.Debug|Any CPU.ActiveCfg = Debug|Any CPU
		{2FC2EDD6-2B2A-4F9D-B04A-4BD8EA4924C1}.Debug|Any CPU.Build.0 = Debug|Any CPU
		{2FC2EDD6-2B2A-4F9D-B04A-4BD8EA4924C1}.Release|Any CPU.ActiveCfg = Release|Any CPU
		{2FC2EDD6-2B2A-4F9D-B04A-4BD8EA4924C1}.Release|Any CPU.Build.0 = Release|Any CPU
		{52E41D18-8F12-430D-B5B5-43C7BBA18F61}.Debug|Any CPU.ActiveCfg = Debug|Any CPU
		{52E41D18-8F12-430D-B5B5-43C7BBA18F61}.Debug|Any CPU.Build.0 = Debug|Any CPU
		{52E41D18-8F12-430D-B5B5-43C7BBA18F61}.Release|Any CPU.ActiveCfg = Release|Any CPU
		{52E41D18-8F12-430D-B5B5-43C7BBA18F61}.Release|Any CPU.Build.0 = Release|Any CPU
	EndGlobalSection
	GlobalSection(NestedProjects) = preSolution
		{52E41D18-8F12-430D-B5B5-43C7BBA18F61} = {76A7D7BE-2319-4152-8584-04B922B70C89}
		{2648AC85-2BB4-4DA0-AF7E-F43FA0D756DA} = {76A7D7BE-2319-4152-8584-04B922B70C89}
	EndGlobalSection
	GlobalSection(MonoDevelopProperties) = preSolution
		StartupItem = CommonCensus.csproj
	EndGlobalSection
EndGlobal
